{
  "name": "arcane-os",
  "version": "0.1.0-dev.1",
  "lockfileVersion": 3,
  "requires": true,
  "packages": {
    "": {
      "name": "arcane-os",
      "version": "0.1.0-dev.1",
      "license": "AGPL-3.0-only",
      "bin": {
        "arcane": "bin/arcane.mjs",
        "arcane-os": "bin/arcane.mjs"
      },
      "engines": {
        "node": ">=22.14.0"
      }
    }
  }
}
