{
  "name": "arcane-os",
  "version": "0.68.0",
  "lockfileVersion": 3,
  "requires": true,
  "packages": {
    "": {
      "name": "arcane-os",
      "version": "0.68.0",
      "bundleDependencies": [
        "event-pubsub",
        "strong-type"
      ],
      "license": "AGPL-3.0-only",
      "dependencies": {
        "@huggingface/tokenizers": "0.2.0",
        "event-pubsub": "6.1.1",
        "js-queue": "3.1.1",
        "node-http-server": "10.0.0",
        "strong-type": "2.0.1",
        "vanilla-test": "2.1.3",
        "ws-share": "3.1.0"
      },
      "bin": {
        "arcane": "bin/arcane.mjs",
        "arcane-os": "bin/arcane.mjs"
      },
      "devDependencies": {
        "@wllama/wllama": "3.6.0"
      },
      "engines": {
        "node": ">=22.23.2"
      }
    },
    "node_modules/@huggingface/tokenizers": {
      "version": "0.2.0",
      "resolved": "https://registry.npmjs.org/@huggingface/tokenizers/-/tokenizers-0.2.0.tgz",
      "integrity": "sha512-LidMHe1FpcSYH4vcSjXooda34pC0M8m1gmDOv7SQi6Iv+ib1zX7J3sHBCC9/3FPCkn2k1b55FneVqMRxrr99pg==",
      "license": "Apache-2.0"
    },
    "node_modules/@wllama/wllama": {
      "version": "3.6.0",
      "resolved": "https://registry.npmjs.org/@wllama/wllama/-/wllama-3.6.0.tgz",
      "integrity": "sha512-NN3ZBXqaaUwGXTQubkNvsCaLPjN2XVa0bVS40OYCE8zquYmRc2W3oHYEgwvuSWWDB8aUqTLyMioySCXNkcnD1w==",
      "dev": true,
      "license": "MIT"
    },
    "node_modules/ansi-colors-es6": {
      "version": "5.0.0",
      "resolved": "https://registry.npmjs.org/ansi-colors-es6/-/ansi-colors-es6-5.0.0.tgz",
      "integrity": "sha512-//DAVWjZto+Mmbm8czZxrwC1/QMi5Ka+c8H6jViO1L3McHYE5YLypSFP44EyrJVzPnTnnxOsjOHjLB262eNoDA==",
      "license": "MIT",
      "engines": {
        "node": ">=13"
      }
    },
    "node_modules/easy-stack": {
      "version": "2.1.0",
      "resolved": "https://registry.npmjs.org/easy-stack/-/easy-stack-2.1.0.tgz",
      "integrity": "sha512-ZpUD5AJeKhRic1RrajfGKuLl721bCeIpnAj1i7BtlC1XX5Mb52ku3e9pDWryV32yndd28ZyqdVsVcBuI7WY2Iw==",
      "license": "MIT",
      "engines": {
        "node": ">=22.13.0"
      }
    },
    "node_modules/event-pubsub": {
      "version": "6.1.1",
      "resolved": "https://registry.npmjs.org/event-pubsub/-/event-pubsub-6.1.1.tgz",
      "integrity": "sha512-08nRrPDOAI5QtM/iQRVIs9DiWyFiyG8VCKf/4i71xQAurXm07exshjSY80wSHJMsHPw9cpUxzJPpXjMyHeBTZw==",
      "inBundle": true,
      "license": "MIT",
      "dependencies": {
        "strong-type": "2.0.0"
      },
      "engines": {
        "node": ">=22.12.0"
      },
      "funding": {
        "url": "https://github.com/sponsors/RIAEvangelist"
      }
    },
    "node_modules/event-pubsub/node_modules/strong-type": {
      "version": "2.0.0",
      "resolved": "https://registry.npmjs.org/strong-type/-/strong-type-2.0.0.tgz",
      "integrity": "sha512-HHrY9qYC7yn+5mlewiI3k9RQM9gZqGQsqbomZcd10Ks0h4RlX01nnkWbCe4AsVPCI6KaFvpkWm1nHMD+Ykup6g==",
      "inBundle": true,
      "license": "MIT",
      "engines": {
        "node": ">=12.21.0"
      }
    },
    "node_modules/js-queue": {
      "version": "3.1.1",
      "resolved": "https://registry.npmjs.org/js-queue/-/js-queue-3.1.1.tgz",
      "integrity": "sha512-7nIcfO025kJ9rlV9aB23CzogV7mHzReAMQO/R77f2eRZmZ60a2LUf3GFNxoazJU6T6nCsjFtGGExZIUIpUKl+w==",
      "license": "MIT",
      "dependencies": {
        "easy-stack": "2.1.0"
      },
      "engines": {
        "node": ">=22.13.0"
      }
    },
    "node_modules/node-http-server": {
      "version": "10.0.0",
      "resolved": "https://registry.npmjs.org/node-http-server/-/node-http-server-10.0.0.tgz",
      "integrity": "sha512-PnSp0qY+hLn45NPPoT0vGrxXvN2+8zLC14lU57maldvX50ZNGkZ+posyRvxANYzxSXuF/YhUjIbB+5MY26l+eg==",
      "license": "MIT",
      "bin": {
        "node-http-server": "bin/nhs.js"
      },
      "engines": {
        "node": ">=22.12.0"
      },
      "funding": {
        "url": "https://github.com/sponsors/RIAEvangelist"
      }
    },
    "node_modules/strong-type": {
      "version": "2.0.1",
      "resolved": "https://registry.npmjs.org/strong-type/-/strong-type-2.0.1.tgz",
      "integrity": "sha512-EUAsA8f1HowvEHkS5u6F1X1lY4jIgXPNPJ8IYr16//iyFQQPKbPZkzjojMyLsDhzhilKIft2ItZx+UBhI2TfXw==",
      "inBundle": true,
      "license": "MIT",
      "engines": {
        "node": ">=12.21.0"
      }
    },
    "node_modules/vanilla-test": {
      "version": "2.1.3",
      "resolved": "https://registry.npmjs.org/vanilla-test/-/vanilla-test-2.1.3.tgz",
      "integrity": "sha512-WX4jsmXnGmIiDEVcKl+lV4RrjXmGyrbX/IwCy7uYMlRdAMT7dhDLqzwYUgqdHy/wpxq1gv0RESJuKR+mx3wUPg==",
      "license": "MIT",
      "dependencies": {
        "ansi-colors-es6": "^5.0.0",
        "strong-type": "^2.0.1"
      },
      "bin": {
        "vanilla-test": "bin/vanilla-test.js"
      },
      "engines": {
        "node": ">=22.12.0"
      }
    },
    "node_modules/ws-share": {
      "version": "3.1.0",
      "resolved": "https://registry.npmjs.org/ws-share/-/ws-share-3.1.0.tgz",
      "integrity": "sha512-+PWPiQCSjTQW+3wNb1rALt9SM7cg3vhdo2QNYjG39yW1SAzpmhUP6fcUOWdskLJDL48salVvNOVyMz9wJYVL/Q==",
      "license": "DBAD",
      "dependencies": {
        "event-pubsub": "6.1.1"
      },
      "engines": {
        "node": ">=22.13.0"
      }
    }
  }
}
